
Microsoft Visual Studio Solution File, Format Version 12.00
# Visual Studio Version 16
VisualStudioVersion = 25.0.1700.0
MinimumVisualStudioVersion = 10.0.40219.1
Project("{FAE04EC0-301F-11D3-BF4B-00C04F79EFBC}") = "EstudoSundellApi", "EstudoSundellApi\EstudoSundellApi.csproj", "{80C7B93C-DE40-4EB3-8038-134EE639E789}"
EndProject
Global
	GlobalSection(SolutionConfigurationPlatforms) = preSolution
		Debug|Any CPU = Debug|Any CPU
		Release|Any CPU = Release|Any CPU
	EndGlobalSection
	GlobalSection(ProjectConfigurationPlatforms) = postSolution
		{80C7B93C-DE40-4EB3-8038-134EE639E789}.Debug|Any CPU.ActiveCfg = Debug|Any CPU
		{80C7B93C-DE40-4EB3-8038-134EE639E789}.Debug|Any CPU.Build.0 = Debug|Any CPU
		{80C7B93C-DE40-4EB3-8038-134EE639E789}.Release|Any CPU.ActiveCfg = Release|Any CPU
		{80C7B93C-DE40-4EB3-8038-134EE639E789}.Release|Any CPU.Build.0 = Release|Any CPU
	EndGlobalSection
	GlobalSection(SolutionProperties) = preSolution
		HideSolutionNode = FALSE
	EndGlobalSection
	GlobalSection(ExtensibilityGlobals) = postSolution
		SolutionGuid = {76D27931-D9FB-4B05-9CE2-485F33DCBE6A}
	EndGlobalSection
EndGlobal
